
Microsoft Visual Studio Solution File, Format Version 12.00
# Visual Studio Version 17
VisualStudioVersion = 17.9.34607.119
MinimumVisualStudioVersion = 10.0.40219.1
Project("{9A19103F-16F7-4668-BE54-9A1E7A4F7556}") = "HockeyPool", "HockeyPool\HockeyPool.csproj", "{A6D22F59-27C2-40D5-A725-DDA5F902A206}"
EndProject
Project("{9A19103F-16F7-4668-BE54-9A1E7A4F7556}") = "HockeyPool.Infrastructure", "Infrastructure\HockeyPool.Infrastructure.csproj", "{F7E8935F-C650-4652-9B5B-0957A4EC8B83}"
EndProject
Project("{FAE04EC0-301F-11D3-BF4B-00C04F79EFBC}") = "MudBlazorWebApp5", "MudBlazorWebApp5\MudBlazorWebApp5.csproj", "{1351385D-B20F-4AB0-A673-4BEE359468A9}"
EndProject
Global
	GlobalSection(SolutionConfigurationPlatforms) = preSolution
		Debug|Any CPU = Debug|Any CPU
		Release|Any CPU = Release|Any CPU
	EndGlobalSection
	GlobalSection(ProjectConfigurationPlatforms) = postSolution
		{A6D22F59-27C2-40D5-A725-DDA5F902A206}.Debug|Any CPU.ActiveCfg = Debug|Any CPU
		{A6D22F59-27C2-40D5-A725-DDA5F902A206}.Debug|Any CPU.Build.0 = Debug|Any CPU
		{A6D22F59-27C2-40D5-A725-DDA5F902A206}.Release|Any CPU.ActiveCfg = Release|Any CPU
		{A6D22F59-27C2-40D5-A725-DDA5F902A206}.Release|Any CPU.Build.0 = Release|Any CPU
		{F7E8935F-C650-4652-9B5B-0957A4EC8B83}.Debug|Any CPU.ActiveCfg = Debug|Any CPU
		{F7E8935F-C650-4652-9B5B-0957A4EC8B83}.Debug|Any CPU.Build.0 = Debug|Any CPU
		{F7E8935F-C650-4652-9B5B-0957A4EC8B83}.Release|Any CPU.ActiveCfg = Release|Any CPU
		{F7E8935F-C650-4652-9B5B-0957A4EC8B83}.Release|Any CPU.Build.0 = Release|Any CPU
		{1351385D-B20F-4AB0-A673-4BEE359468A9}.Debug|Any CPU.ActiveCfg = Debug|Any CPU
		{1351385D-B20F-4AB0-A673-4BEE359468A9}.Debug|Any CPU.Build.0 = Debug|Any CPU
		{1351385D-B20F-4AB0-A673-4BEE359468A9}.Release|Any CPU.ActiveCfg = Release|Any CPU
		{1351385D-B20F-4AB0-A673-4BEE359468A9}.Release|Any CPU.Build.0 = Release|Any CPU
	EndGlobalSection
	GlobalSection(SolutionProperties) = preSolution
		HideSolutionNode = FALSE
	EndGlobalSection
	GlobalSection(ExtensibilityGlobals) = postSolution
		SolutionGuid = {3AF57EFE-B9EB-47E6-B257-085A3941D1A0}
	EndGlobalSection
EndGlobal
